// !$*UTF8*$!
{
	archiveVersion = 1;
	classes = {
	};
	objectVersion = 46;
	objects = {

/* Begin PBXBuildFile section */
		98CA2AE5F65B68B49F48062F /* libPods.a in Frameworks */ = {isa = PBXBuildFile; fileRef = F776B13C60E3DAE59427B60D /* libPods.a */; };
		FE309E2F1C06032400B5FE0D /* main.m in Sources */ = {isa = PBXBuildFile; fileRef = FE309E2E1C06032400B5FE0D /* main.m */; };
		FE309E321C06032400B5FE0D /* AppDelegate.m in Sources */ = {isa = PBXBuildFile; fileRef = FE309E311C06032400B5FE0D /* AppDelegate.m */; };
		FE309E351C06032400B5FE0D /* ViewController.m in Sources */ = {isa = PBXBuildFile; fileRef = FE309E341C06032400B5FE0D /* ViewController.m */; };
		FE309E381C06032400B5FE0D /* Main.storyboard in Resources */ = {isa = PBXBuildFile; fileRef = FE309E361C06032400B5FE0D /* Main.storyboard */; };
		FE309E3A1C06032400B5FE0D /* Assets.xcassets in Resources */ = {isa = PBXBuildFile; fileRef = FE309E391C06032400B5FE0D /* Assets.xcassets */; };
		FE309E3D1C06032400B5FE0D /* LaunchScreen.storyboard in Resources */ = {isa = PBXBuildFile; fileRef = FE309E3B1C06032400B5FE0D /* LaunchScreen.storyboard */; };
		FE309E481C06032400B5FE0D /* EasyNoteTests.m in Sources */ = {isa = PBXBuildFile; fileRef = FE309E471C06032400B5FE0D /* EasyNoteTests.m */; };
		FE309E531C06032400B5FE0D /* EasyNoteUITests.m in Sources */ = {isa = PBXBuildFile; fileRef = FE309E521C06032400B5FE0D /* EasyNoteUITests.m */; };
		FEF15C971C13ED7A00642E87 /* FMDatabase.m in Sources */ = {isa = PBXBuildFile; fileRef = FEF15C7B1C13ED7A00642E87 /* FMDatabase.m */; };
		FEF15C981C13ED7A00642E87 /* FMDatabaseAdditions.m in Sources */ = {isa = PBXBuildFile; fileRef = FEF15C7D1C13ED7A00642E87 /* FMDatabaseAdditions.m */; };
		FEF15C991C13ED7A00642E87 /* FMDatabasePool.m in Sources */ = {isa = PBXBuildFile; fileRef = FEF15C7F1C13ED7A00642E87 /* FMDatabasePool.m */; };
		FEF15C9A1C13ED7A00642E87 /* FMDatabaseQueue.m in Sources */ = {isa = PBXBuildFile; fileRef = FEF15C811C13ED7A00642E87 /* FMDatabaseQueue.m */; };
		FEF15C9B1C13ED7A00642E87 /* FMResultSet.m in Sources */ = {isa = PBXBuildFile; fileRef = FEF15C841C13ED7A00642E87 /* FMResultSet.m */; };
		FEF15C9C1C13ED7A00642E87 /* HUDTools.m in Sources */ = {isa = PBXBuildFile; fileRef = FEF15C871C13ED7A00642E87 /* HUDTools.m */; };
		FEF15C9D1C13ED7A00642E87 /* RIButtonItem.m in Sources */ = {isa = PBXBuildFile; fileRef = FEF15C891C13ED7A00642E87 /* RIButtonItem.m */; };
		FEF15C9E1C13ED7A00642E87 /* SVProgressHUD.bundle in Resources */ = {isa = PBXBuildFile; fileRef = FEF15C8A1C13ED7A00642E87 /* SVProgressHUD.bundle */; };
		FEF15C9F1C13ED7A00642E87 /* SVProgressHUD.m in Sources */ = {isa = PBXBuildFile; fileRef = FEF15C8C1C13ED7A00642E87 /* SVProgressHUD.m */; };
		FEF15CA01C13ED7A00642E87 /* UIAlertView+Blocks.m in Sources */ = {isa = PBXBuildFile; fileRef = FEF15C8E1C13ED7A00642E87 /* UIAlertView+Blocks.m */; };
		FEF15CA11C13ED7A00642E87 /* NSString+Category.m in Sources */ = {isa = PBXBuildFile; fileRef = FEF15C921C13ED7A00642E87 /* NSString+Category.m */; };
		FEF15CA21C13ED7A00642E87 /* UIImage+Category.m in Sources */ = {isa = PBXBuildFile; fileRef = FEF15C941C13ED7A00642E87 /* UIImage+Category.m */; };
		FEF15CA31C13ED7A00642E87 /* FMDBTool.m in Sources */ = {isa = PBXBuildFile; fileRef = FEF15C961C13ED7A00642E87 /* FMDBTool.m */; };
		FEF15CB51C13EE0B00642E87 /* NoteListController.m in Sources */ = {isa = PBXBuildFile; fileRef = FEF15CAB1C13EE0B00642E87 /* NoteListController.m */; };
		FEF15CB61C13EE0B00642E87 /* NoteListCell.m in Sources */ = {isa = PBXBuildFile; fileRef = FEF15CAF1C13EE0B00642E87 /* NoteListCell.m */; };
		FEF15CB71C13EE0B00642E87 /* NoteListCell.xib in Resources */ = {isa = PBXBuildFile; fileRef = FEF15CB01C13EE0B00642E87 /* NoteListCell.xib */; };
		FEF15CBA1C13EE2D00642E87 /* NoteModel.m in Sources */ = {isa = PBXBuildFile; fileRef = FEF15CB91C13EE2D00642E87 /* NoteModel.m */; };
		FEF15CBC1C13EF0B00642E87 /* libsqlite3.tbd in Frameworks */ = {isa = PBXBuildFile; fileRef = FEF15CBB1C13EF0B00642E87 /* libsqlite3.tbd */; };
		FEF15CBF1C13F14900642E87 /* NewNoteController.m in Sources */ = {isa = PBXBuildFile; fileRef = FEF15CBE1C13F14900642E87 /* NewNoteController.m */; };
		FEF15CC21C13F22200642E87 /* NoteDetailController.m in Sources */ = {isa = PBXBuildFile; fileRef = FEF15CC11C13F22200642E87 /* NoteDetailController.m */; };
		FEF15CC51C13F2E500642E87 /* PlaceholderTextView.m in Sources */ = {isa = PBXBuildFile; fileRef = FEF15CC41C13F2E500642E87 /* PlaceholderTextView.m */; };
		FEF15CC91C13F4CC00642E87 /* BaseNavigationController.m in Sources */ = {isa = PBXBuildFile; fileRef = FEF15CC81C13F4CC00642E87 /* BaseNavigationController.m */; };
		FEF15CCF1C13F93D00642E87 /* SettingController.m in Sources */ = {isa = PBXBuildFile; fileRef = FEF15CCE1C13F93D00642E87 /* SettingController.m */; };
		FEF15CD21C147DB000642E87 /* SettingItem.m in Sources */ = {isa = PBXBuildFile; fileRef = FEF15CD11C147DB000642E87 /* SettingItem.m */; };
		FEF15CD51C147DF400642E87 /* SettingArrowItem.m in Sources */ = {isa = PBXBuildFile; fileRef = FEF15CD41C147DF400642E87 /* SettingArrowItem.m */; };
		FEF15CD81C147E5700642E87 /* SettingLabelItem.m in Sources */ = {isa = PBXBuildFile; fileRef = FEF15CD71C147E5700642E87 /* SettingLabelItem.m */; };
		FEF15CDB1C147E7800642E87 /* SettingSwitchItem.m in Sources */ = {isa = PBXBuildFile; fileRef = FEF15CDA1C147E7800642E87 /* SettingSwitchItem.m */; };
		FEF15CDE1C147E8F00642E87 /* SettingGroup.m in Sources */ = {isa = PBXBuildFile; fileRef = FEF15CDD1C147E8F00642E87 /* SettingGroup.m */; };
		FEF15CE11C147F0800642E87 /* SettingCell.m in Sources */ = {isa = PBXBuildFile; fileRef = FEF15CE01C147F0800642E87 /* SettingCell.m */; };
		FEF15CE41C147FC400642E87 /* BaseSettingViewController.m in Sources */ = {isa = PBXBuildFile; fileRef = FEF15CE31C147FC400642E87 /* BaseSettingViewController.m */; };
/* End PBXBuildFile section */

/* Begin PBXContainerItemProxy section */
		FE309E441C06032400B5FE0D /* PBXContainerItemProxy */ = {
			isa = PBXContainerItemProxy;
			containerPortal = FE309E221C06032400B5FE0D /* Project object */;
			proxyType = 1;
			remoteGlobalIDString = FE309E291C06032400B5FE0D;
			remoteInfo = EasyNote;
		};
		FE309E4F1C06032400B5FE0D /* PBXContainerItemProxy */ = {
			isa = PBXContainerItemProxy;
			containerPortal = FE309E221C06032400B5FE0D /* Project object */;
			proxyType = 1;
			remoteGlobalIDString = FE309E291C06032400B5FE0D;
			remoteInfo = EasyNote;
		};
/* End PBXContainerItemProxy section */

/* Begin PBXFileReference section */
		41D461D2DDD8EEEC0E649383 /* Pods.release.xcconfig */ = {isa = PBXFileReference; includeInIndex = 1; lastKnownFileType = text.xcconfig; name = Pods.release.xcconfig; path = "Pods/Target Support Files/Pods/Pods.release.xcconfig"; sourceTree = "<group>"; };
		51B62A3E5160BFFED6B39946 /* Pods.debug.xcconfig */ = {isa = PBXFileReference; includeInIndex = 1; lastKnownFileType = text.xcconfig; name = Pods.debug.xcconfig; path = "Pods/Target Support Files/Pods/Pods.debug.xcconfig"; sourceTree = "<group>"; };
		F776B13C60E3DAE59427B60D /* libPods.a */ = {isa = PBXFileReference; explicitFileType = archive.ar; includeInIndex = 0; path = libPods.a; sourceTree = BUILT_PRODUCTS_DIR; };
		FE309E2A1C06032400B5FE0D /* EasyNote.app */ = {isa = PBXFileReference; explicitFileType = wrapper.application; includeInIndex = 0; path = EasyNote.app; sourceTree = BUILT_PRODUCTS_DIR; };
		FE309E2E1C06032400B5FE0D /* main.m */ = {isa = PBXFileReference; lastKnownFileType = sourcecode.c.objc; path = main.m; sourceTree = "<group>"; };
		FE309E301C06032400B5FE0D /* AppDelegate.h */ = {isa = PBXFileReference; lastKnownFileType = sourcecode.c.h; name = AppDelegate.h; path = EasyNote/AppDelegate.h; sourceTree = "<group>"; };
		FE309E311C06032400B5FE0D /* AppDelegate.m */ = {isa = PBXFileReference; lastKnownFileType = sourcecode.c.objc; name = AppDelegate.m; path = EasyNote/AppDelegate.m; sourceTree = "<group>"; };
		FE309E331C06032400B5FE0D /* ViewController.h */ = {isa = PBXFileReference; lastKnownFileType = sourcecode.c.h; name = ViewController.h; path = EasyNote/ViewController.h; sourceTree = "<group>"; };
		FE309E341C06032400B5FE0D /* ViewController.m */ = {isa = PBXFileReference; lastKnownFileType = sourcecode.c.objc; name = ViewController.m; path = EasyNote/ViewController.m; sourceTree = "<group>"; };
		FE309E371C06032400B5FE0D /* Base */ = {isa = PBXFileReference; lastKnownFileType = file.storyboard; name = Base; path = Base.lproj/Main.storyboard; sourceTree = "<group>"; };
		FE309E391C06032400B5FE0D /* Assets.xcassets */ = {isa = PBXFileReference; lastKnownFileType = folder.assetcatalog; name = Assets.xcassets; path = EasyNote/Assets.xcassets; sourceTree = "<group>"; };
		FE309E3C1C06032400B5FE0D /* Base */ = {isa = PBXFileReference; lastKnownFileType = file.storyboard; name = Base; path = Base.lproj/LaunchScreen.storyboard; sourceTree = "<group>"; };
		FE309E3E1C06032400B5FE0D /* Info.plist */ = {isa = PBXFileReference; lastKnownFileType = text.plist.xml; path = Info.plist; sourceTree = "<group>"; };
		FE309E431C06032400B5FE0D /* EasyNoteTests.xctest */ = {isa = PBXFileReference; explicitFileType = wrapper.cfbundle; includeInIndex = 0; path = EasyNoteTests.xctest; sourceTree = BUILT_PRODUCTS_DIR; };
		FE309E471C06032400B5FE0D /* EasyNoteTests.m */ = {isa = PBXFileReference; lastKnownFileType = sourcecode.c.objc; path = EasyNoteTests.m; sourceTree = "<group>"; };
		FE309E491C06032400B5FE0D /* Info.plist */ = {isa = PBXFileReference; lastKnownFileType = text.plist.xml; path = Info.plist; sourceTree = "<group>"; };
		FE309E4E1C06032400B5FE0D /* EasyNoteUITests.xctest */ = {isa = PBXFileReference; explicitFileType = wrapper.cfbundle; includeInIndex = 0; path = EasyNoteUITests.xctest; sourceTree = BUILT_PRODUCTS_DIR; };
		FE309E521C06032400B5FE0D /* EasyNoteUITests.m */ = {isa = PBXFileReference; lastKnownFileType = sourcecode.c.objc; path = EasyNoteUITests.m; sourceTree = "<group>"; };
		FE309E541C06032400B5FE0D /* Info.plist */ = {isa = PBXFileReference; lastKnownFileType = text.plist.xml; path = Info.plist; sourceTree = "<group>"; };
		FE309E601C060D7600B5FE0D /* PrefixHeader.pch */ = {isa = PBXFileReference; lastKnownFileType = sourcecode.c.h; path = PrefixHeader.pch; sourceTree = "<group>"; };
		FEF15C7A1C13ED7A00642E87 /* FMDatabase.h */ = {isa = PBXFileReference; fileEncoding = 4; lastKnownFileType = sourcecode.c.h; path = FMDatabase.h; sourceTree = "<group>"; };
		FEF15C7B1C13ED7A00642E87 /* FMDatabase.m */ = {isa = PBXFileReference; fileEncoding = 4; lastKnownFileType = sourcecode.c.objc; path = FMDatabase.m; sourceTree = "<group>"; };
		FEF15C7C1C13ED7A00642E87 /* FMDatabaseAdditions.h */ = {isa = PBXFileReference; fileEncoding = 4; lastKnownFileType = sourcecode.c.h; path = FMDatabaseAdditions.h; sourceTree = "<group>"; };
		FEF15C7D1C13ED7A00642E87 /* FMDatabaseAdditions.m */ = {isa = PBXFileReference; fileEncoding = 4; lastKnownFileType = sourcecode.c.objc; path = FMDatabaseAdditions.m; sourceTree = "<group>"; };
		FEF15C7E1C13ED7A00642E87 /* FMDatabasePool.h */ = {isa = PBXFileReference; fileEncoding = 4; lastKnownFileType = sourcecode.c.h; path = FMDatabasePool.h; sourceTree = "<group>"; };
		FEF15C7F1C13ED7A00642E87 /* FMDatabasePool.m */ = {isa = PBXFileReference; fileEncoding = 4; lastKnownFileType = sourcecode.c.objc; path = FMDatabasePool.m; sourceTree = "<group>"; };
		FEF15C801C13ED7A00642E87 /* FMDatabaseQueue.h */ = {isa = PBXFileReference; fileEncoding = 4; lastKnownFileType = sourcecode.c.h; path = FMDatabaseQueue.h; sourceTree = "<group>"; };
		FEF15C811C13ED7A00642E87 /* FMDatabaseQueue.m */ = {isa = PBXFileReference; fileEncoding = 4; lastKnownFileType = sourcecode.c.objc; path = FMDatabaseQueue.m; sourceTree = "<group>"; };
		FEF15C821C13ED7A00642E87 /* FMDB.h */ = {isa = PBXFileReference; fileEncoding = 4; lastKnownFileType = sourcecode.c.h; path = FMDB.h; sourceTree = "<group>"; };
		FEF15C831C13ED7A00642E87 /* FMResultSet.h */ = {isa = PBXFileReference; fileEncoding = 4; lastKnownFileType = sourcecode.c.h; path = FMResultSet.h; sourceTree = "<group>"; };
		FEF15C841C13ED7A00642E87 /* FMResultSet.m */ = {isa = PBXFileReference; fileEncoding = 4; lastKnownFileType = sourcecode.c.objc; path = FMResultSet.m; sourceTree = "<group>"; };
		FEF15C861C13ED7A00642E87 /* HUDTools.h */ = {isa = PBXFileReference; fileEncoding = 4; lastKnownFileType = sourcecode.c.h; path = HUDTools.h; sourceTree = "<group>"; };
		FEF15C871C13ED7A00642E87 /* HUDTools.m */ = {isa = PBXFileReference; fileEncoding = 4; lastKnownFileType = sourcecode.c.objc; path = HUDTools.m; sourceTree = "<group>"; };
		FEF15C881C13ED7A00642E87 /* RIButtonItem.h */ = {isa = PBXFileReference; fileEncoding = 4; lastKnownFileType = sourcecode.c.h; path = RIButtonItem.h; sourceTree = "<group>"; };
		FEF15C891C13ED7A00642E87 /* RIButtonItem.m */ = {isa = PBXFileReference; fileEncoding = 4; lastKnownFileType = sourcecode.c.objc; path = RIButtonItem.m; sourceTree = "<group>"; };
		FEF15C8A1C13ED7A00642E87 /* SVProgressHUD.bundle */ = {isa = PBXFileReference; lastKnownFileType = "wrapper.plug-in"; path = SVProgressHUD.bundle; sourceTree = "<group>"; };
		FEF15C8B1C13ED7A00642E87 /* SVProgressHUD.h */ = {isa = PBXFileReference; fileEncoding = 4; lastKnownFileType = sourcecode.c.h; path = SVProgressHUD.h; sourceTree = "<group>"; };
		FEF15C8C1C13ED7A00642E87 /* SVProgressHUD.m */ = {isa = PBXFileReference; fileEncoding = 4; lastKnownFileType = sourcecode.c.objc; path = SVProgressHUD.m; sourceTree = "<group>"; };
		FEF15C8D1C13ED7A00642E87 /* UIAlertView+Blocks.h */ = {isa = PBXFileReference; fileEncoding = 4; lastKnownFileType = sourcecode.c.h; path = "UIAlertView+Blocks.h"; sourceTree = "<group>"; };
		FEF15C8E1C13ED7A00642E87 /* UIAlertView+Blocks.m */ = {isa = PBXFileReference; fileEncoding = 4; lastKnownFileType = sourcecode.c.objc; path = "UIAlertView+Blocks.m"; sourceTree = "<group>"; };
		FEF15C911C13ED7A00642E87 /* NSString+Category.h */ = {isa = PBXFileReference; fileEncoding = 4; lastKnownFileType = sourcecode.c.h; path = "NSString+Category.h"; sourceTree = "<group>"; };
		FEF15C921C13ED7A00642E87 /* NSString+Category.m */ = {isa = PBXFileReference; fileEncoding = 4; lastKnownFileType = sourcecode.c.objc; path = "NSString+Category.m"; sourceTree = "<group>"; };
		FEF15C931C13ED7A00642E87 /* UIImage+Category.h */ = {isa = PBXFileReference; fileEncoding = 4; lastKnownFileType = sourcecode.c.h; path = "UIImage+Category.h"; sourceTree = "<group>"; };
		FEF15C941C13ED7A00642E87 /* UIImage+Category.m */ = {isa = PBXFileReference; fileEncoding = 4; lastKnownFileType = sourcecode.c.objc; path = "UIImage+Category.m"; sourceTree = "<group>"; };
		FEF15C951C13ED7A00642E87 /* FMDBTool.h */ = {isa = PBXFileReference; fileEncoding = 4; lastKnownFileType = sourcecode.c.h; path = FMDBTool.h; sourceTree = "<group>"; };
		FEF15C961C13ED7A00642E87 /* FMDBTool.m */ = {isa = PBXFileReference; fileEncoding = 4; lastKnownFileType = sourcecode.c.objc; path = FMDBTool.m; sourceTree = "<group>"; };
		FEF15CAA1C13EE0B00642E87 /* NoteListController.h */ = {isa = PBXFileReference; fileEncoding = 4; lastKnownFileType = sourcecode.c.h; path = NoteListController.h; sourceTree = "<group>"; };
		FEF15CAB1C13EE0B00642E87 /* NoteListController.m */ = {isa = PBXFileReference; fileEncoding = 4; lastKnownFileType = sourcecode.c.objc; path = NoteListController.m; sourceTree = "<group>"; };
		FEF15CAE1C13EE0B00642E87 /* NoteListCell.h */ = {isa = PBXFileReference; fileEncoding = 4; lastKnownFileType = sourcecode.c.h; path = NoteListCell.h; sourceTree = "<group>"; };
		FEF15CAF1C13EE0B00642E87 /* NoteListCell.m */ = {isa = PBXFileReference; fileEncoding = 4; lastKnownFileType = sourcecode.c.objc; path = NoteListCell.m; sourceTree = "<group>"; };
		FEF15CB01C13EE0B00642E87 /* NoteListCell.xib */ = {isa = PBXFileReference; fileEncoding = 4; lastKnownFileType = file.xib; path = NoteListCell.xib; sourceTree = "<group>"; };
		FEF15CB81C13EE2D00642E87 /* NoteModel.h */ = {isa = PBXFileReference; fileEncoding = 4; lastKnownFileType = sourcecode.c.h; path = NoteModel.h; sourceTree = "<group>"; };
		FEF15CB91C13EE2D00642E87 /* NoteModel.m */ = {isa = PBXFileReference; fileEncoding = 4; lastKnownFileType = sourcecode.c.objc; path = NoteModel.m; sourceTree = "<group>"; };
		FEF15CBB1C13EF0B00642E87 /* libsqlite3.tbd */ = {isa = PBXFileReference; lastKnownFileType = "sourcecode.text-based-dylib-definition"; name = libsqlite3.tbd; path = usr/lib/libsqlite3.tbd; sourceTree = SDKROOT; };
		FEF15CBD1C13F14900642E87 /* NewNoteController.h */ = {isa = PBXFileReference; fileEncoding = 4; lastKnownFileType = sourcecode.c.h; path = NewNoteController.h; sourceTree = "<group>"; };
		FEF15CBE1C13F14900642E87 /* NewNoteController.m */ = {isa = PBXFileReference; fileEncoding = 4; lastKnownFileType = sourcecode.c.objc; path = NewNoteController.m; sourceTree = "<group>"; };
		FEF15CC01C13F22200642E87 /* NoteDetailController.h */ = {isa = PBXFileReference; fileEncoding = 4; lastKnownFileType = sourcecode.c.h; path = NoteDetailController.h; sourceTree = "<group>"; };
		FEF15CC11C13F22200642E87 /* NoteDetailController.m */ = {isa = PBXFileReference; fileEncoding = 4; lastKnownFileType = sourcecode.c.objc; path = NoteDetailController.m; sourceTree = "<group>"; };
		FEF15CC31C13F2E500642E87 /* PlaceholderTextView.h */ = {isa = PBXFileReference; fileEncoding = 4; lastKnownFileType = sourcecode.c.h; path = PlaceholderTextView.h; sourceTree = "<group>"; };
		FEF15CC41C13F2E500642E87 /* PlaceholderTextView.m */ = {isa = PBXFileReference; fileEncoding = 4; lastKnownFileType = sourcecode.c.objc; path = PlaceholderTextView.m; sourceTree = "<group>"; };
		FEF15CC71C13F4CC00642E87 /* BaseNavigationController.h */ = {isa = PBXFileReference; fileEncoding = 4; lastKnownFileType = sourcecode.c.h; path = BaseNavigationController.h; sourceTree = "<group>"; };
		FEF15CC81C13F4CC00642E87 /* BaseNavigationController.m */ = {isa = PBXFileReference; fileEncoding = 4; lastKnownFileType = sourcecode.c.objc; path = BaseNavigationController.m; sourceTree = "<group>"; };
		FEF15CCD1C13F93D00642E87 /* SettingController.h */ = {isa = PBXFileReference; fileEncoding = 4; lastKnownFileType = sourcecode.c.h; path = SettingController.h; sourceTree = "<group>"; };
		FEF15CCE1C13F93D00642E87 /* SettingController.m */ = {isa = PBXFileReference; fileEncoding = 4; lastKnownFileType = sourcecode.c.objc; path = SettingController.m; sourceTree = "<group>"; };
		FEF15CD01C147DB000642E87 /* SettingItem.h */ = {isa = PBXFileReference; fileEncoding = 4; lastKnownFileType = sourcecode.c.h; path = SettingItem.h; sourceTree = "<group>"; };
		FEF15CD11C147DB000642E87 /* SettingItem.m */ = {isa = PBXFileReference; fileEncoding = 4; lastKnownFileType = sourcecode.c.objc; path = SettingItem.m; sourceTree = "<group>"; };
		FEF15CD31C147DF400642E87 /* SettingArrowItem.h */ = {isa = PBXFileReference; fileEncoding = 4; lastKnownFileType = sourcecode.c.h; path = SettingArrowItem.h; sourceTree = "<group>"; };
		FEF15CD41C147DF400642E87 /* SettingArrowItem.m */ = {isa = PBXFileReference; fileEncoding = 4; lastKnownFileType = sourcecode.c.objc; path = SettingArrowItem.m; sourceTree = "<group>"; };
		FEF15CD61C147E5700642E87 /* SettingLabelItem.h */ = {isa = PBXFileReference; fileEncoding = 4; lastKnownFileType = sourcecode.c.h; path = SettingLabelItem.h; sourceTree = "<group>"; };
		FEF15CD71C147E5700642E87 /* SettingLabelItem.m */ = {isa = PBXFileReference; fileEncoding = 4; lastKnownFileType = sourcecode.c.objc; path = SettingLabelItem.m; sourceTree = "<group>"; };
		FEF15CD91C147E7800642E87 /* SettingSwitchItem.h */ = {isa = PBXFileReference; fileEncoding = 4; lastKnownFileType = sourcecode.c.h; path = SettingSwitchItem.h; sourceTree = "<group>"; };
		FEF15CDA1C147E7800642E87 /* SettingSwitchItem.m */ = {isa = PBXFileReference; fileEncoding = 4; lastKnownFileType = sourcecode.c.objc; path = SettingSwitchItem.m; sourceTree = "<group>"; };
		FEF15CDC1C147E8F00642E87 /* SettingGroup.h */ = {isa = PBXFileReference; fileEncoding = 4; lastKnownFileType = sourcecode.c.h; path = SettingGroup.h; sourceTree = "<group>"; };
		FEF15CDD1C147E8F00642E87 /* SettingGroup.m */ = {isa = PBXFileReference; fileEncoding = 4; lastKnownFileType = sourcecode.c.objc; path = SettingGroup.m; sourceTree = "<group>"; };
		FEF15CDF1C147F0800642E87 /* SettingCell.h */ = {isa = PBXFileReference; fileEncoding = 4; lastKnownFileType = sourcecode.c.h; path = SettingCell.h; sourceTree = "<group>"; };
		FEF15CE01C147F0800642E87 /* SettingCell.m */ = {isa = PBXFileReference; fileEncoding = 4; lastKnownFileType = sourcecode.c.objc; path = SettingCell.m; sourceTree = "<group>"; };
		FEF15CE21C147FC400642E87 /* BaseSettingViewController.h */ = {isa = PBXFileReference; fileEncoding = 4; lastKnownFileType = sourcecode.c.h; path = BaseSettingViewController.h; sourceTree = "<group>"; };
		FEF15CE31C147FC400642E87 /* BaseSettingViewController.m */ = {isa = PBXFileReference; fileEncoding = 4; lastKnownFileType = sourcecode.c.objc; path = BaseSettingViewController.m; sourceTree = "<group>"; };
/* End PBXFileReference section */

/* Begin PBXFrameworksBuildPhase section */
		FE309E271C06032400B5FE0D /* Frameworks */ = {
			isa = PBXFrameworksBuildPhase;
			buildActionMask = 2147483647;
			files = (
				FEF15CBC1C13EF0B00642E87 /* libsqlite3.tbd in Frameworks */,
				98CA2AE5F65B68B49F48062F /* libPods.a in Frameworks */,
			);
			runOnlyForDeploymentPostprocessing = 0;
		};
		FE309E401C06032400B5FE0D /* Frameworks */ = {
			isa = PBXFrameworksBuildPhase;
			buildActionMask = 2147483647;
			files = (
			);
			runOnlyForDeploymentPostprocessing = 0;
		};
		FE309E4B1C06032400B5FE0D /* Frameworks */ = {
			isa = PBXFrameworksBuildPhase;
			buildActionMask = 2147483647;
			files = (
			);
			runOnlyForDeploymentPostprocessing = 0;
		};
/* End PBXFrameworksBuildPhase section */

/* Begin PBXGroup section */
		BF55EEF4EA83B2B1267DF9A5 /* Pods */ = {
			isa = PBXGroup;
			children = (
				51B62A3E5160BFFED6B39946 /* Pods.debug.xcconfig */,
				41D461D2DDD8EEEC0E649383 /* Pods.release.xcconfig */,
			);
			name = Pods;
			sourceTree = "<group>";
		};
		C05F22983A8196E3090AC202 /* Frameworks */ = {
			isa = PBXGroup;
			children = (
				FEF15CBB1C13EF0B00642E87 /* libsqlite3.tbd */,
				F776B13C60E3DAE59427B60D /* libPods.a */,
			);
			name = Frameworks;
			sourceTree = "<group>";
		};
		FE309E211C06032400B5FE0D = {
			isa = PBXGroup;
			children = (
				FE309E601C060D7600B5FE0D /* PrefixHeader.pch */,
				FE309E301C06032400B5FE0D /* AppDelegate.h */,
				FE309E311C06032400B5FE0D /* AppDelegate.m */,
				FE309E331C06032400B5FE0D /* ViewController.h */,
				FE309E341C06032400B5FE0D /* ViewController.m */,
				FE309E361C06032400B5FE0D /* Main.storyboard */,
				FE309E391C06032400B5FE0D /* Assets.xcassets */,
				FE309E2C1C06032400B5FE0D /* EasyNote */,
				FE309E461C06032400B5FE0D /* EasyNoteTests */,
				FE309E511C06032400B5FE0D /* EasyNoteUITests */,
				FE309E2B1C06032400B5FE0D /* Products */,
				BF55EEF4EA83B2B1267DF9A5 /* Pods */,
				C05F22983A8196E3090AC202 /* Frameworks */,
			);
			sourceTree = "<group>";
		};
		FE309E2B1C06032400B5FE0D /* Products */ = {
			isa = PBXGroup;
			children = (
				FE309E2A1C06032400B5FE0D /* EasyNote.app */,
				FE309E431C06032400B5FE0D /* EasyNoteTests.xctest */,
				FE309E4E1C06032400B5FE0D /* EasyNoteUITests.xctest */,
			);
			name = Products;
			sourceTree = "<group>";
		};
		FE309E2C1C06032400B5FE0D /* EasyNote */ = {
			isa = PBXGroup;
			children = (
				FE309E681C07601D00B5FE0D /* Class */,
				FE309E2D1C06032400B5FE0D /* Supporting Files */,
			);
			path = EasyNote;
			sourceTree = "<group>";
		};
		FE309E2D1C06032400B5FE0D /* Supporting Files */ = {
			isa = PBXGroup;
			children = (
				FE309E3E1C06032400B5FE0D /* Info.plist */,
				FE309E3B1C06032400B5FE0D /* LaunchScreen.storyboard */,
				FE309E2E1C06032400B5FE0D /* main.m */,
			);
			name = "Supporting Files";
			sourceTree = "<group>";
		};
		FE309E461C06032400B5FE0D /* EasyNoteTests */ = {
			isa = PBXGroup;
			children = (
				FE309E471C06032400B5FE0D /* EasyNoteTests.m */,
				FE309E491C06032400B5FE0D /* Info.plist */,
			);
			path = EasyNoteTests;
			sourceTree = "<group>";
		};
		FE309E511C06032400B5FE0D /* EasyNoteUITests */ = {
			isa = PBXGroup;
			children = (
				FE309E521C06032400B5FE0D /* EasyNoteUITests.m */,
				FE309E541C06032400B5FE0D /* Info.plist */,
			);
			path = EasyNoteUITests;
			sourceTree = "<group>";
		};
		FE309E681C07601D00B5FE0D /* Class */ = {
			isa = PBXGroup;
			children = (
				FE309E691C07601D00B5FE0D /* Main */,
				FEF15CA41C13EE0B00642E87 /* NewNote */,
				FEF15CA81C13EE0B00642E87 /* NoteList */,
				FEF15CB11C13EE0B00642E87 /* Setting */,
				FE309E6D1C07601D00B5FE0D /* Other */,
			);
			path = Class;
			sourceTree = "<group>";
		};
		FE309E691C07601D00B5FE0D /* Main */ = {
			isa = PBXGroup;
			children = (
				FEF15CC61C13F4B700642E87 /* Base */,
				FE309E6A1C07601D00B5FE0D /* Controller */,
				FE309E6B1C07601D00B5FE0D /* Model */,
				FE309E6C1C07601D00B5FE0D /* View */,
			);
			path = Main;
			sourceTree = "<group>";
		};
		FE309E6A1C07601D00B5FE0D /* Controller */ = {
			isa = PBXGroup;
			children = (
			);
			path = Controller;
			sourceTree = "<group>";
		};
		FE309E6B1C07601D00B5FE0D /* Model */ = {
			isa = PBXGroup;
			children = (
			);
			path = Model;
			sourceTree = "<group>";
		};
		FE309E6C1C07601D00B5FE0D /* View */ = {
			isa = PBXGroup;
			children = (
			);
			path = View;
			sourceTree = "<group>";
		};
		FE309E6D1C07601D00B5FE0D /* Other */ = {
			isa = PBXGroup;
			children = (
				FEF15C781C13ED7A00642E87 /* Lib */,
				FEF15C8F1C13ED7A00642E87 /* Tools */,
			);
			path = Other;
			sourceTree = "<group>";
		};
		FEF15C781C13ED7A00642E87 /* Lib */ = {
			isa = PBXGroup;
			children = (
				FEF15C791C13ED7A00642E87 /* fmdb */,
				FEF15C851C13ED7A00642E87 /* HUD */,
			);
			path = Lib;
			sourceTree = "<group>";
		};
		FEF15C791C13ED7A00642E87 /* fmdb */ = {
			isa = PBXGroup;
			children = (
				FEF15C7A1C13ED7A00642E87 /* FMDatabase.h */,
				FEF15C7B1C13ED7A00642E87 /* FMDatabase.m */,
				FEF15C7C1C13ED7A00642E87 /* FMDatabaseAdditions.h */,
				FEF15C7D1C13ED7A00642E87 /* FMDatabaseAdditions.m */,
				FEF15C7E1C13ED7A00642E87 /* FMDatabasePool.h */,
				FEF15C7F1C13ED7A00642E87 /* FMDatabasePool.m */,
				FEF15C801C13ED7A00642E87 /* FMDatabaseQueue.h */,
				FEF15C811C13ED7A00642E87 /* FMDatabaseQueue.m */,
				FEF15C821C13ED7A00642E87 /* FMDB.h */,
				FEF15C831C13ED7A00642E87 /* FMResultSet.h */,
				FEF15C841C13ED7A00642E87 /* FMResultSet.m */,
			);
			path = fmdb;
			sourceTree = "<group>";
		};
		FEF15C851C13ED7A00642E87 /* HUD */ = {
			isa = PBXGroup;
			children = (
				FEF15C861C13ED7A00642E87 /* HUDTools.h */,
				FEF15C871C13ED7A00642E87 /* HUDTools.m */,
				FEF15C881C13ED7A00642E87 /* RIButtonItem.h */,
				FEF15C891C13ED7A00642E87 /* RIButtonItem.m */,
				FEF15C8A1C13ED7A00642E87 /* SVProgressHUD.bundle */,
				FEF15C8B1C13ED7A00642E87 /* SVProgressHUD.h */,
				FEF15C8C1C13ED7A00642E87 /* SVProgressHUD.m */,
				FEF15C8D1C13ED7A00642E87 /* UIAlertView+Blocks.h */,
				FEF15C8E1C13ED7A00642E87 /* UIAlertView+Blocks.m */,
			);
			path = HUD;
			sourceTree = "<group>";
		};
		FEF15C8F1C13ED7A00642E87 /* Tools */ = {
			isa = PBXGroup;
			children = (
				FEF15C901C13ED7A00642E87 /* Category */,
				FEF15C951C13ED7A00642E87 /* FMDBTool.h */,
				FEF15C961C13ED7A00642E87 /* FMDBTool.m */,
			);
			path = Tools;
			sourceTree = "<group>";
		};
		FEF15C901C13ED7A00642E87 /* Category */ = {
			isa = PBXGroup;
			children = (
				FEF15C911C13ED7A00642E87 /* NSString+Category.h */,
				FEF15C921C13ED7A00642E87 /* NSString+Category.m */,
				FEF15C931C13ED7A00642E87 /* UIImage+Category.h */,
				FEF15C941C13ED7A00642E87 /* UIImage+Category.m */,
			);
			path = Category;
			sourceTree = "<group>";
		};
		FEF15CA41C13EE0B00642E87 /* NewNote */ = {
			isa = PBXGroup;
			children = (
				FEF15CA51C13EE0B00642E87 /* Controller */,
				FEF15CA61C13EE0B00642E87 /* Model */,
				FEF15CA71C13EE0B00642E87 /* View */,
			);
			path = NewNote;
			sourceTree = "<group>";
		};
		FEF15CA51C13EE0B00642E87 /* Controller */ = {
			isa = PBXGroup;
			children = (
				FEF15CBD1C13F14900642E87 /* NewNoteController.h */,
				FEF15CBE1C13F14900642E87 /* NewNoteController.m */,
			);
			path = Controller;
			sourceTree = "<group>";
		};
		FEF15CA61C13EE0B00642E87 /* Model */ = {
			isa = PBXGroup;
			children = (
				FEF15CB81C13EE2D00642E87 /* NoteModel.h */,
				FEF15CB91C13EE2D00642E87 /* NoteModel.m */,
			);
			path = Model;
			sourceTree = "<group>";
		};
		FEF15CA71C13EE0B00642E87 /* View */ = {
			isa = PBXGroup;
			children = (
				FEF15CC31C13F2E500642E87 /* PlaceholderTextView.h */,
				FEF15CC41C13F2E500642E87 /* PlaceholderTextView.m */,
			);
			path = View;
			sourceTree = "<group>";
		};
		FEF15CA81C13EE0B00642E87 /* NoteList */ = {
			isa = PBXGroup;
			children = (
				FEF15CA91C13EE0B00642E87 /* Controller */,
				FEF15CAC1C13EE0B00642E87 /* Model */,
				FEF15CAD1C13EE0B00642E87 /* View */,
			);
			path = NoteList;
			sourceTree = "<group>";
		};
		FEF15CA91C13EE0B00642E87 /* Controller */ = {
			isa = PBXGroup;
			children = (
				FEF15CAA1C13EE0B00642E87 /* NoteListController.h */,
				FEF15CAB1C13EE0B00642E87 /* NoteListController.m */,
				FEF15CC01C13F22200642E87 /* NoteDetailController.h */,
				FEF15CC11C13F22200642E87 /* NoteDetailController.m */,
			);
			path = Controller;
			sourceTree = "<group>";
		};
		FEF15CAC1C13EE0B00642E87 /* Model */ = {
			isa = PBXGroup;
			children = (
			);
			path = Model;
			sourceTree = "<group>";
		};
		FEF15CAD1C13EE0B00642E87 /* View */ = {
			isa = PBXGroup;
			children = (
				FEF15CAE1C13EE0B00642E87 /* NoteListCell.h */,
				FEF15CAF1C13EE0B00642E87 /* NoteListCell.m */,
				FEF15CB01C13EE0B00642E87 /* NoteListCell.xib */,
			);
			path = View;
			sourceTree = "<group>";
		};
		FEF15CB11C13EE0B00642E87 /* Setting */ = {
			isa = PBXGroup;
			children = (
				FEF15CB21C13EE0B00642E87 /* Controller */,
				FEF15CB31C13EE0B00642E87 /* Model */,
				FEF15CB41C13EE0B00642E87 /* View */,
			);
			path = Setting;
			sourceTree = "<group>";
		};
		FEF15CB21C13EE0B00642E87 /* Controller */ = {
			isa = PBXGroup;
			children = (
				FEF15CCD1C13F93D00642E87 /* SettingController.h */,
				FEF15CCE1C13F93D00642E87 /* SettingController.m */,
				FEF15CE21C147FC400642E87 /* BaseSettingViewController.h */,
				FEF15CE31C147FC400642E87 /* BaseSettingViewController.m */,
			);
			path = Controller;
			sourceTree = "<group>";
		};
		FEF15CB31C13EE0B00642E87 /* Model */ = {
			isa = PBXGroup;
			children = (
				FEF15CD01C147DB000642E87 /* SettingItem.h */,
				FEF15CD11C147DB000642E87 /* SettingItem.m */,
				FEF15CD31C147DF400642E87 /* SettingArrowItem.h */,
				FEF15CD41C147DF400642E87 /* SettingArrowItem.m */,
				FEF15CD61C147E5700642E87 /* SettingLabelItem.h */,
				FEF15CD71C147E5700642E87 /* SettingLabelItem.m */,
				FEF15CD91C147E7800642E87 /* SettingSwitchItem.h */,
				FEF15CDA1C147E7800642E87 /* SettingSwitchItem.m */,
				FEF15CDC1C147E8F00642E87 /* SettingGroup.h */,
				FEF15CDD1C147E8F00642E87 /* SettingGroup.m */,
			);
			path = Model;
			sourceTree = "<group>";
		};
		FEF15CB41C13EE0B00642E87 /* View */ = {
			isa = PBXGroup;
			children = (
				FEF15CDF1C147F0800642E87 /* SettingCell.h */,
				FEF15CE01C147F0800642E87 /* SettingCell.m */,
			);
			path = View;
			sourceTree = "<group>";
		};
		FEF15CC61C13F4B700642E87 /* Base */ = {
			isa = PBXGroup;
			children = (
				FEF15CC71C13F4CC00642E87 /* BaseNavigationController.h */,
				FEF15CC81C13F4CC00642E87 /* BaseNavigationController.m */,
			);
			path = Base;
			sourceTree = "<group>";
		};
/* End PBXGroup section */

/* Begin PBXNativeTarget section */
		FE309E291C06032400B5FE0D /* EasyNote */ = {
			isa = PBXNativeTarget;
			buildConfigurationList = FE309E571C06032400B5FE0D /* Build configuration list for PBXNativeTarget "EasyNote" */;
			buildPhases = (
				4695E8C4F28A0C397C6B062E /* Check Pods Manifest.lock */,
				FE309E261C06032400B5FE0D /* Sources */,
				FE309E271C06032400B5FE0D /* Frameworks */,
				FE309E281C06032400B5FE0D /* Resources */,
				F260A35CBC66557689977E7D /* Copy Pods Resources */,
			);
			buildRules = (
			);
			dependencies = (
			);
			name = EasyNote;
			productName = EasyNote;
			productReference = FE309E2A1C06032400B5FE0D /* EasyNote.app */;
			productType = "com.apple.product-type.application";
		};
		FE309E421C06032400B5FE0D /* EasyNoteTests */ = {
			isa = PBXNativeTarget;
			buildConfigurationList = FE309E5A1C06032400B5FE0D /* Build configuration list for PBXNativeTarget "EasyNoteTests" */;
			buildPhases = (
				FE309E3F1C06032400B5FE0D /* Sources */,
				FE309E401C06032400B5FE0D /* Frameworks */,
				FE309E411C06032400B5FE0D /* Resources */,
			);
			buildRules = (
			);
			dependencies = (
				FE309E451C06032400B5FE0D /* PBXTargetDependency */,
			);
			name = EasyNoteTests;
			productName = EasyNoteTests;
			productReference = FE309E431C06032400B5FE0D /* EasyNoteTests.xctest */;
			productType = "com.apple.product-type.bundle.unit-test";
		};
		FE309E4D1C06032400B5FE0D /* EasyNoteUITests */ = {
			isa = PBXNativeTarget;
			buildConfigurationList = FE309E5D1C06032400B5FE0D /* Build configuration list for PBXNativeTarget "EasyNoteUITests" */;
			buildPhases = (
				FE309E4A1C06032400B5FE0D /* Sources */,
				FE309E4B1C06032400B5FE0D /* Frameworks */,
				FE309E4C1C06032400B5FE0D /* Resources */,
			);
			buildRules = (
			);
			dependencies = (
				FE309E501C06032400B5FE0D /* PBXTargetDependency */,
			);
			name = EasyNoteUITests;
			productName = EasyNoteUITests;
			productReference = FE309E4E1C06032400B5FE0D /* EasyNoteUITests.xctest */;
			productType = "com.apple.product-type.bundle.ui-testing";
		};
/* End PBXNativeTarget section */

/* Begin PBXProject section */
		FE309E221C06032400B5FE0D /* Project object */ = {
			isa = PBXProject;
			attributes = {
				LastUpgradeCheck = 0710;
				ORGANIZATIONNAME = tengfei;
				TargetAttributes = {
					FE309E291C06032400B5FE0D = {
						CreatedOnToolsVersion = 7.1;
						DevelopmentTeam = 68539G8D3N;
					};
					FE309E421C06032400B5FE0D = {
						CreatedOnToolsVersion = 7.1;
						TestTargetID = FE309E291C06032400B5FE0D;
					};
					FE309E4D1C06032400B5FE0D = {
						CreatedOnToolsVersion = 7.1;
						TestTargetID = FE309E291C06032400B5FE0D;
					};
				};
			};
			buildConfigurationList = FE309E251C06032400B5FE0D /* Build configuration list for PBXProject "EasyNote" */;
			compatibilityVersion = "Xcode 3.2";
			developmentRegion = English;
			hasScannedForEncodings = 0;
			knownRegions = (
				en,
				Base,
			);
			mainGroup = FE309E211C06032400B5FE0D;
			productRefGroup = FE309E2B1C06032400B5FE0D /* Products */;
			projectDirPath = "";
			projectRoot = "";
			targets = (
				FE309E291C06032400B5FE0D /* EasyNote */,
				FE309E421C06032400B5FE0D /* EasyNoteTests */,
				FE309E4D1C06032400B5FE0D /* EasyNoteUITests */,
			);
		};
/* End PBXProject section */

/* Begin PBXResourcesBuildPhase section */
		FE309E281C06032400B5FE0D /* Resources */ = {
			isa = PBXResourcesBuildPhase;
			buildActionMask = 2147483647;
			files = (
				FEF15C9E1C13ED7A00642E87 /* SVProgressHUD.bundle in Resources */,
				FE309E3D1C06032400B5FE0D /* LaunchScreen.storyboard in Resources */,
				FE309E3A1C06032400B5FE0D /* Assets.xcassets in Resources */,
				FEF15CB71C13EE0B00642E87 /* NoteListCell.xib in Resources */,
				FE309E381C06032400B5FE0D /* Main.storyboard in Resources */,
			);
			runOnlyForDeploymentPostprocessing = 0;
		};
		FE309E411C06032400B5FE0D /* Resources */ = {
			isa = PBXResourcesBuildPhase;
			buildActionMask = 2147483647;
			files = (
			);
			runOnlyForDeploymentPostprocessing = 0;
		};
		FE309E4C1C06032400B5FE0D /* Resources */ = {
			isa = PBXResourcesBuildPhase;
			buildActionMask = 2147483647;
			files = (
			);
			runOnlyForDeploymentPostprocessing = 0;
		};
/* End PBXResourcesBuildPhase section */

/* Begin PBXShellScriptBuildPhase section */
		4695E8C4F28A0C397C6B062E /* Check Pods Manifest.lock */ = {
			isa = PBXShellScriptBuildPhase;
			buildActionMask = 2147483647;
			files = (
			);
			inputPaths = (
			);
			name = "Check Pods Manifest.lock";
			outputPaths = (
			);
			runOnlyForDeploymentPostprocessing = 0;
			shellPath = /bin/sh;
			shellScript = "diff \"${PODS_ROOT}/../Podfile.lock\" \"${PODS_ROOT}/Manifest.lock\" > /dev/null\nif [[ $? != 0 ]] ; then\n    cat << EOM\nerror: The sandbox is not in sync with the Podfile.lock. Run 'pod install' or update your CocoaPods installation.\nEOM\n    exit 1\nfi\n";
			showEnvVarsInLog = 0;
		};
		F260A35CBC66557689977E7D /* Copy Pods Resources */ = {
			isa = PBXShellScriptBuildPhase;
			buildActionMask = 2147483647;
			files = (
			);
			inputPaths = (
			);
			name = "Copy Pods Resources";
			outputPaths = (
			);
			runOnlyForDeploymentPostprocessing = 0;
			shellPath = /bin/sh;
			shellScript = "\"${SRCROOT}/Pods/Target Support Files/Pods/Pods-resources.sh\"\n";
			showEnvVarsInLog = 0;
		};
/* End PBXShellScriptBuildPhase section */

/* Begin PBXSourcesBuildPhase section */
		FE309E261C06032400B5FE0D /* Sources */ = {
			isa = PBXSourcesBuildPhase;
			buildActionMask = 2147483647;
			files = (
				FEF15CDB1C147E7800642E87 /* SettingSwitchItem.m in Sources */,
				FE309E351C06032400B5FE0D /* ViewController.m in Sources */,
				FEF15CBA1C13EE2D00642E87 /* NoteModel.m in Sources */,
				FE309E321C06032400B5FE0D /* AppDelegate.m in Sources */,
				FEF15C9D1C13ED7A00642E87 /* RIButtonItem.m in Sources */,
				FEF15CD81C147E5700642E87 /* SettingLabelItem.m in Sources */,
				FEF15C9C1C13ED7A00642E87 /* HUDTools.m in Sources */,
				FEF15CD21C147DB000642E87 /* SettingItem.m in Sources */,
				FEF15C971C13ED7A00642E87 /* FMDatabase.m in Sources */,
				FEF15CB51C13EE0B00642E87 /* NoteListController.m in Sources */,
				FEF15CB61C13EE0B00642E87 /* NoteListCell.m in Sources */,
				FEF15CC51C13F2E500642E87 /* PlaceholderTextView.m in Sources */,
				FEF15CE41C147FC400642E87 /* BaseSettingViewController.m in Sources */,
				FEF15C9B1C13ED7A00642E87 /* FMResultSet.m in Sources */,
				FEF15CD51C147DF400642E87 /* SettingArrowItem.m in Sources */,
				FEF15CA31C13ED7A00642E87 /* FMDBTool.m in Sources */,
				FEF15CA21C13ED7A00642E87 /* UIImage+Category.m in Sources */,
				FEF15CC91C13F4CC00642E87 /* BaseNavigationController.m in Sources */,
				FE309E2F1C06032400B5FE0D /* main.m in Sources */,
				FEF15C991C13ED7A00642E87 /* FMDatabasePool.m in Sources */,
				FEF15C9F1C13ED7A00642E87 /* SVProgressHUD.m in Sources */,
				FEF15CE11C147F0800642E87 /* SettingCell.m in Sources */,
				FEF15CC21C13F22200642E87 /* NoteDetailController.m in Sources */,
				FEF15C981C13ED7A00642E87 /* FMDatabaseAdditions.m in Sources */,
				FEF15CBF1C13F14900642E87 /* NewNoteController.m in Sources */,
				FEF15CA01C13ED7A00642E87 /* UIAlertView+Blocks.m in Sources */,
				FEF15CDE1C147E8F00642E87 /* SettingGroup.m in Sources */,
				FEF15CCF1C13F93D00642E87 /* SettingController.m in Sources */,
				FEF15CA11C13ED7A00642E87 /* NSString+Category.m in Sources */,
				FEF15C9A1C13ED7A00642E87 /* FMDatabaseQueue.m in Sources */,
			);
			runOnlyForDeploymentPostprocessing = 0;
		};
		FE309E3F1C06032400B5FE0D /* Sources */ = {
			isa = PBXSourcesBuildPhase;
			buildActionMask = 2147483647;
			files = (
				FE309E481C06032400B5FE0D /* EasyNoteTests.m in Sources */,
			);
			runOnlyForDeploymentPostprocessing = 0;
		};
		FE309E4A1C06032400B5FE0D /* Sources */ = {
			isa = PBXSourcesBuildPhase;
			buildActionMask = 2147483647;
			files = (
				FE309E531C06032400B5FE0D /* EasyNoteUITests.m in Sources */,
			);
			runOnlyForDeploymentPostprocessing = 0;
		};
/* End PBXSourcesBuildPhase section */

/* Begin PBXTargetDependency section */
		FE309E451C06032400B5FE0D /* PBXTargetDependency */ = {
			isa = PBXTargetDependency;
			target = FE309E291C06032400B5FE0D /* EasyNote */;
			targetProxy = FE309E441C06032400B5FE0D /* PBXContainerItemProxy */;
		};
		FE309E501C06032400B5FE0D /* PBXTargetDependency */ = {
			isa = PBXTargetDependency;
			target = FE309E291C06032400B5FE0D /* EasyNote */;
			targetProxy = FE309E4F1C06032400B5FE0D /* PBXContainerItemProxy */;
		};
/* End PBXTargetDependency section */

/* Begin PBXVariantGroup section */
		FE309E361C06032400B5FE0D /* Main.storyboard */ = {
			isa = PBXVariantGroup;
			children = (
				FE309E371C06032400B5FE0D /* Base */,
			);
			name = Main.storyboard;
			path = EasyNote;
			sourceTree = "<group>";
		};
		FE309E3B1C06032400B5FE0D /* LaunchScreen.storyboard */ = {
			isa = PBXVariantGroup;
			children = (
				FE309E3C1C06032400B5FE0D /* Base */,
			);
			name = LaunchScreen.storyboard;
			sourceTree = "<group>";
		};
/* End PBXVariantGroup section */

/* Begin XCBuildConfiguration section */
		FE309E551C06032400B5FE0D /* Debug */ = {
			isa = XCBuildConfiguration;
			buildSettings = {
				ALWAYS_SEARCH_USER_PATHS = NO;
				CLANG_CXX_LANGUAGE_STANDARD = "gnu++0x";
				CLANG_CXX_LIBRARY = "libc++";
				CLANG_ENABLE_MODULES = YES;
				CLANG_ENABLE_OBJC_ARC = YES;
				CLANG_WARN_BOOL_CONVERSION = YES;
				CLANG_WARN_CONSTANT_CONVERSION = YES;
				CLANG_WARN_DIRECT_OBJC_ISA_USAGE = YES_ERROR;
				CLANG_WARN_EMPTY_BODY = YES;
				CLANG_WARN_ENUM_CONVERSION = YES;
				CLANG_WARN_INT_CONVERSION = YES;
				CLANG_WARN_OBJC_ROOT_CLASS = YES_ERROR;
				CLANG_WARN_UNREACHABLE_CODE = YES;
				CLANG_WARN__DUPLICATE_METHOD_MATCH = YES;
				"CODE_SIGN_IDENTITY[sdk=iphoneos*]" = "iPhone Developer";
				COPY_PHASE_STRIP = NO;
				DEBUG_INFORMATION_FORMAT = dwarf;
				ENABLE_STRICT_OBJC_MSGSEND = YES;
				ENABLE_TESTABILITY = YES;
				GCC_C_LANGUAGE_STANDARD = gnu99;
				GCC_DYNAMIC_NO_PIC = NO;
				GCC_NO_COMMON_BLOCKS = YES;
				GCC_OPTIMIZATION_LEVEL = 0;
				GCC_PREFIX_HEADER = "$(SRCROOT)/PrefixHeader.pch";
				GCC_PREPROCESSOR_DEFINITIONS = (
					"DEBUG=1",
					"$(inherited)",
				);
				GCC_WARN_64_TO_32_BIT_CONVERSION = YES;
				GCC_WARN_ABOUT_RETURN_TYPE = YES_ERROR;
				GCC_WARN_UNDECLARED_SELECTOR = YES;
				GCC_WARN_UNINITIALIZED_AUTOS = YES_AGGRESSIVE;
				GCC_WARN_UNUSED_FUNCTION = YES;
				GCC_WARN_UNUSED_VARIABLE = YES;
				IPHONEOS_DEPLOYMENT_TARGET = 9.1;
				MTL_ENABLE_DEBUG_INFO = YES;
				ONLY_ACTIVE_ARCH = YES;
				SDKROOT = iphoneos;
				TARGETED_DEVICE_FAMILY = "1,2";
			};
			name = Debug;
		};
		FE309E561C06032400B5FE0D /* Release */ = {
			isa = XCBuildConfiguration;
			buildSettings = {
				ALWAYS_SEARCH_USER_PATHS = NO;
				CLANG_CXX_LANGUAGE_STANDARD = "gnu++0x";
				CLANG_CXX_LIBRARY = "libc++";
				CLANG_ENABLE_MODULES = YES;
				CLANG_ENABLE_OBJC_ARC = YES;
				CLANG_WARN_BOOL_CONVERSION = YES;
				CLANG_WARN_CONSTANT_CONVERSION = YES;
				CLANG_WARN_DIRECT_OBJC_ISA_USAGE = YES_ERROR;
				CLANG_WARN_EMPTY_BODY = YES;
				CLANG_WARN_ENUM_CONVERSION = YES;
				CLANG_WARN_INT_CONVERSION = YES;
				CLANG_WARN_OBJC_ROOT_CLASS = YES_ERROR;
				CLANG_WARN_UNREACHABLE_CODE = YES;
				CLANG_WARN__DUPLICATE_METHOD_MATCH = YES;
				"CODE_SIGN_IDENTITY[sdk=iphoneos*]" = "iPhone Developer";
				COPY_PHASE_STRIP = NO;
				DEBUG_INFORMATION_FORMAT = "dwarf-with-dsym";
				ENABLE_NS_ASSERTIONS = NO;
				ENABLE_STRICT_OBJC_MSGSEND = YES;
				GCC_C_LANGUAGE_STANDARD = gnu99;
				GCC_NO_COMMON_BLOCKS = YES;
				GCC_PREFIX_HEADER = "$(SRCROOT)/PrefixHeader.pch";
				GCC_WARN_64_TO_32_BIT_CONVERSION = YES;
				GCC_WARN_ABOUT_RETURN_TYPE = YES_ERROR;
				GCC_WARN_UNDECLARED_SELECTOR = YES;
				GCC_WARN_UNINITIALIZED_AUTOS = YES_AGGRESSIVE;
				GCC_WARN_UNUSED_FUNCTION = YES;
				GCC_WARN_UNUSED_VARIABLE = YES;
				IPHONEOS_DEPLOYMENT_TARGET = 9.1;
				MTL_ENABLE_DEBUG_INFO = NO;
				SDKROOT = iphoneos;
				TARGETED_DEVICE_FAMILY = "1,2";
				VALIDATE_PRODUCT = YES;
			};
			name = Release;
		};
		FE309E581C06032400B5FE0D /* Debug */ = {
			isa = XCBuildConfiguration;
			baseConfigurationReference = 51B62A3E5160BFFED6B39946 /* Pods.debug.xcconfig */;
			buildSettings = {
				ASSETCATALOG_COMPILER_APPICON_NAME = AppIcon;
				CODE_SIGN_IDENTITY = "iPhone Developer";
				INFOPLIST_FILE = EasyNote/Info.plist;
				IPHONEOS_DEPLOYMENT_TARGET = 8.0;
				LD_RUNPATH_SEARCH_PATHS = "$(inherited) @executable_path/Frameworks";
				PRODUCT_BUNDLE_IDENTIFIER = com.ftf.EasyNote;
				PRODUCT_NAME = "$(TARGET_NAME)";
			};
			name = Debug;
		};
		FE309E591C06032400B5FE0D /* Release */ = {
			isa = XCBuildConfiguration;
			baseConfigurationReference = 41D461D2DDD8EEEC0E649383 /* Pods.release.xcconfig */;
			buildSettings = {
				ASSETCATALOG_COMPILER_APPICON_NAME = AppIcon;
				CODE_SIGN_IDENTITY = "iPhone Developer";
				INFOPLIST_FILE = EasyNote/Info.plist;
				IPHONEOS_DEPLOYMENT_TARGET = 8.0;
				LD_RUNPATH_SEARCH_PATHS = "$(inherited) @executable_path/Frameworks";
				PRODUCT_BUNDLE_IDENTIFIER = com.ftf.EasyNote;
				PRODUCT_NAME = "$(TARGET_NAME)";
			};
			name = Release;
		};
		FE309E5B1C06032400B5FE0D /* Debug */ = {
			isa = XCBuildConfiguration;
			buildSettings = {
				BUNDLE_LOADER = "$(TEST_HOST)";
				INFOPLIST_FILE = EasyNoteTests/Info.plist;
				LD_RUNPATH_SEARCH_PATHS = "$(inherited) @executable_path/Frameworks @loader_path/Frameworks";
				PRODUCT_BUNDLE_IDENTIFIER = com.ftf.EasyNote.EasyNoteTests;
				PRODUCT_NAME = "$(TARGET_NAME)";
				TEST_HOST = "$(BUILT_PRODUCTS_DIR)/EasyNote.app/EasyNote";
			};
			name = Debug;
		};
		FE309E5C1C06032400B5FE0D /* Release */ = {
			isa = XCBuildConfiguration;
			buildSettings = {
				BUNDLE_LOADER = "$(TEST_HOST)";
				INFOPLIST_FILE = EasyNoteTests/Info.plist;
				LD_RUNPATH_SEARCH_PATHS = "$(inherited) @executable_path/Frameworks @loader_path/Frameworks";
				PRODUCT_BUNDLE_IDENTIFIER = com.ftf.EasyNote.EasyNoteTests;
				PRODUCT_NAME = "$(TARGET_NAME)";
				TEST_HOST = "$(BUILT_PRODUCTS_DIR)/EasyNote.app/EasyNote";
			};
			name = Release;
		};
		FE309E5E1C06032400B5FE0D /* Debug */ = {
			isa = XCBuildConfiguration;
			buildSettings = {
				INFOPLIST_FILE = EasyNoteUITests/Info.plist;
				LD_RUNPATH_SEARCH_PATHS = "$(inherited) @executable_path/Frameworks @loader_path/Frameworks";
				PRODUCT_BUNDLE_IDENTIFIER = com.ftf.EasyNote.EasyNoteUITests;
				PRODUCT_NAME = "$(TARGET_NAME)";
				TEST_TARGET_NAME = EasyNote;
				USES_XCTRUNNER = YES;
			};
			name = Debug;
		};
		FE309E5F1C06032400B5FE0D /* Release */ = {
			isa = XCBuildConfiguration;
			buildSettings = {
				INFOPLIST_FILE = EasyNoteUITests/Info.plist;
				LD_RUNPATH_SEARCH_PATHS = "$(inherited) @executable_path/Frameworks @loader_path/Frameworks";
				PRODUCT_BUNDLE_IDENTIFIER = com.ftf.EasyNote.EasyNoteUITests;
				PRODUCT_NAME = "$(TARGET_NAME)";
				TEST_TARGET_NAME = EasyNote;
				USES_XCTRUNNER = YES;
			};
			name = Release;
		};
/* End XCBuildConfiguration section */

/* Begin XCConfigurationList section */
		FE309E251C06032400B5FE0D /* Build configuration list for PBXProject "EasyNote" */ = {
			isa = XCConfigurationList;
			buildConfigurations = (
				FE309E551C06032400B5FE0D /* Debug */,
				FE309E561C06032400B5FE0D /* Release */,
			);
			defaultConfigurationIsVisible = 0;
			defaultConfigurationName = Release;
		};
		FE309E571C06032400B5FE0D /* Build configuration list for PBXNativeTarget "EasyNote" */ = {
			isa = XCConfigurationList;
			buildConfigurations = (
				FE309E581C06032400B5FE0D /* Debug */,
				FE309E591C06032400B5FE0D /* Release */,
			);
			defaultConfigurationIsVisible = 0;
			defaultConfigurationName = Release;
		};
		FE309E5A1C06032400B5FE0D /* Build configuration list for PBXNativeTarget "EasyNoteTests" */ = {
			isa = XCConfigurationList;
			buildConfigurations = (
				FE309E5B1C06032400B5FE0D /* Debug */,
				FE309E5C1C06032400B5FE0D /* Release */,
			);
			defaultConfigurationIsVisible = 0;
			defaultConfigurationName = Release;
		};
		FE309E5D1C06032400B5FE0D /* Build configuration list for PBXNativeTarget "EasyNoteUITests" */ = {
			isa = XCConfigurationList;
			buildConfigurations = (
				FE309E5E1C06032400B5FE0D /* Debug */,
				FE309E5F1C06032400B5FE0D /* Release */,
			);
			defaultConfigurationIsVisible = 0;
			defaultConfigurationName = Release;
		};
/* End XCConfigurationList section */
	};
	rootObject = FE309E221C06032400B5FE0D /* Project object */;
}
