// !$*UTF8*$!
{
	archiveVersion = 1;
	classes = {
	};
	objectVersion = 46;
	objects = {

/* Begin PBXBuildFile section */
		FE309E2F1C06032400B5FE0D /* main.m in Sources */ = {isa = PBXBuildFile; fileRef = FE309E2E1C06032400B5FE0D /* main.m */; };
		FE309E321C06032400B5FE0D /* AppDelegate.m in Sources */ = {isa = PBXBuildFile; fileRef = FE309E311C06032400B5FE0D /* AppDelegate.m */; };
		FE309E351C06032400B5FE0D /* ViewController.m in Sources */ = {isa = PBXBuildFile; fileRef = FE309E341C06032400B5FE0D /* ViewController.m */; };
		FE309E381C06032400B5FE0D /* Main.storyboard in Resources */ = {isa = PBXBuildFile; fileRef = FE309E361C06032400B5FE0D /* Main.storyboard */; };
		FE309E3A1C06032400B5FE0D /* Assets.xcassets in Resources */ = {isa = PBXBuildFile; fileRef = FE309E391C06032400B5FE0D /* Assets.xcassets */; };
		FE309E3D1C06032400B5FE0D /* LaunchScreen.storyboard in Resources */ = {isa = PBXBuildFile; fileRef = FE309E3B1C06032400B5FE0D /* LaunchScreen.storyboard */; };
		FE309E481C06032400B5FE0D /* EasyNoteTests.m in Sources */ = {isa = PBXBuildFile; fileRef = FE309E471C06032400B5FE0D /* EasyNoteTests.m */; };
		FE309E531C06032400B5FE0D /* EasyNoteUITests.m in Sources */ = {isa = PBXBuildFile; fileRef = FE309E521C06032400B5FE0D /* EasyNoteUITests.m */; };
/* End PBXBuildFile section */

/* Begin PBXContainerItemProxy section */
		FE309E441C06032400B5FE0D /* PBXContainerItemProxy */ = {
			isa = PBXContainerItemProxy;
			containerPortal = FE309E221C06032400B5FE0D /* Project object */;
			proxyType = 1;
			remoteGlobalIDString = FE309E291C06032400B5FE0D;
			remoteInfo = EasyNote;
		};
		FE309E4F1C06032400B5FE0D /* PBXContainerItemProxy */ = {
			isa = PBXContainerItemProxy;
			containerPortal = FE309E221C06032400B5FE0D /* Project object */;
			proxyType = 1;
			remoteGlobalIDString = FE309E291C06032400B5FE0D;
			remoteInfo = EasyNote;
		};
/* End PBXContainerItemProxy section */

/* Begin PBXFileReference section */
		FE309E2A1C06032400B5FE0D /* EasyNote.app */ = {isa = PBXFileReference; explicitFileType = wrapper.application; includeInIndex = 0; path = EasyNote.app; sourceTree = BUILT_PRODUCTS_DIR; };
		FE309E2E1C06032400B5FE0D /* main.m */ = {isa = PBXFileReference; lastKnownFileType = sourcecode.c.objc; path = main.m; sourceTree = "<group>"; };
		FE309E301C06032400B5FE0D /* AppDelegate.h */ = {isa = PBXFileReference; lastKnownFileType = sourcecode.c.h; path = AppDelegate.h; sourceTree = "<group>"; };
		FE309E311C06032400B5FE0D /* AppDelegate.m */ = {isa = PBXFileReference; lastKnownFileType = sourcecode.c.objc; path = AppDelegate.m; sourceTree = "<group>"; };
		FE309E331C06032400B5FE0D /* ViewController.h */ = {isa = PBXFileReference; lastKnownFileType = sourcecode.c.h; path = ViewController.h; sourceTree = "<group>"; };
		FE309E341C06032400B5FE0D /* ViewController.m */ = {isa = PBXFileReference; lastKnownFileType = sourcecode.c.objc; path = ViewController.m; sourceTree = "<group>"; };
		FE309E371C06032400B5FE0D /* Base */ = {isa = PBXFileReference; lastKnownFileType = file.storyboard; name = Base; path = Base.lproj/Main.storyboard; sourceTree = "<group>"; };
		FE309E391C06032400B5FE0D /* Assets.xcassets */ = {isa = PBXFileReference; lastKnownFileType = folder.assetcatalog; path = Assets.xcassets; sourceTree = "<group>"; };
		FE309E3C1C06032400B5FE0D /* Base */ = {isa = PBXFileReference; lastKnownFileType = file.storyboard; name = Base; path = Base.lproj/LaunchScreen.storyboard; sourceTree = "<group>"; };
		FE309E3E1C06032400B5FE0D /* Info.plist */ = {isa = PBXFileReference; lastKnownFileType = text.plist.xml; path = Info.plist; sourceTree = "<group>"; };
		FE309E431C06032400B5FE0D /* EasyNoteTests.xctest */ = {isa = PBXFileReference; explicitFileType = wrapper.cfbundle; includeInIndex = 0; path = EasyNoteTests.xctest; sourceTree = BUILT_PRODUCTS_DIR; };
		FE309E471C06032400B5FE0D /* EasyNoteTests.m */ = {isa = PBXFileReference; lastKnownFileType = sourcecode.c.objc; path = EasyNoteTests.m; sourceTree = "<group>"; };
		FE309E491C06032400B5FE0D /* Info.plist */ = {isa = PBXFileReference; lastKnownFileType = text.plist.xml; path = Info.plist; sourceTree = "<group>"; };
		FE309E4E1C06032400B5FE0D /* EasyNoteUITests.xctest */ = {isa = PBXFileReference; explicitFileType = wrapper.cfbundle; includeInIndex = 0; path = EasyNoteUITests.xctest; sourceTree = BUILT_PRODUCTS_DIR; };
		FE309E521C06032400B5FE0D /* EasyNoteUITests.m */ = {isa = PBXFileReference; lastKnownFileType = sourcecode.c.objc; path = EasyNoteUITests.m; sourceTree = "<group>"; };
		FE309E541C06032400B5FE0D /* Info.plist */ = {isa = PBXFileReference; lastKnownFileType = text.plist.xml; path = Info.plist; sourceTree = "<group>"; };
/* End PBXFileReference section */

/* Begin PBXFrameworksBuildPhase section */
		FE309E271C06032400B5FE0D /* Frameworks */ = {
			isa = PBXFrameworksBuildPhase;
			buildActionMask = 2147483647;
			files = (
			);
			runOnlyForDeploymentPostprocessing = 0;
		};
		FE309E401C06032400B5FE0D /* Frameworks */ = {
			isa = PBXFrameworksBuildPhase;
			buildActionMask = 2147483647;
			files = (
			);
			runOnlyForDeploymentPostprocessing = 0;
		};
		FE309E4B1C06032400B5FE0D /* Frameworks */ = {
			isa = PBXFrameworksBuildPhase;
			buildActionMask = 2147483647;
			files = (
			);
			runOnlyForDeploymentPostprocessing = 0;
		};
/* End PBXFrameworksBuildPhase section */

/* Begin PBXGroup section */
		FE309E211C06032400B5FE0D = {
			isa = PBXGroup;
			children = (
				FE309E2C1C06032400B5FE0D /* EasyNote */,
				FE309E461C06032400B5FE0D /* EasyNoteTests */,
				FE309E511C06032400B5FE0D /* EasyNoteUITests */,
				FE309E2B1C06032400B5FE0D /* Products */,
			);
			sourceTree = "<group>";
		};
		FE309E2B1C06032400B5FE0D /* Products */ = {
			isa = PBXGroup;
			children = (
				FE309E2A1C06032400B5FE0D /* EasyNote.app */,
				FE309E431C06032400B5FE0D /* EasyNoteTests.xctest */,
				FE309E4E1C06032400B5FE0D /* EasyNoteUITests.xctest */,
			);
			name = Products;
			sourceTree = "<group>";
		};
		FE309E2C1C06032400B5FE0D /* EasyNote */ = {
			isa = PBXGroup;
			children = (
				FE309E301C06032400B5FE0D /* AppDelegate.h */,
				FE309E311C06032400B5FE0D /* AppDelegate.m */,
				FE309E331C06032400B5FE0D /* ViewController.h */,
				FE309E341C06032400B5FE0D /* ViewController.m */,
				FE309E361C06032400B5FE0D /* Main.storyboard */,
				FE309E391C06032400B5FE0D /* Assets.xcassets */,
				FE309E3B1C06032400B5FE0D /* LaunchScreen.storyboard */,
				FE309E3E1C06032400B5FE0D /* Info.plist */,
				FE309E2D1C06032400B5FE0D /* Supporting Files */,
			);
			path = EasyNote;
			sourceTree = "<group>";
		};
		FE309E2D1C06032400B5FE0D /* Supporting Files */ = {
			isa = PBXGroup;
			children = (
				FE309E2E1C06032400B5FE0D /* main.m */,
			);
			name = "Supporting Files";
			sourceTree = "<group>";
		};
		FE309E461C06032400B5FE0D /* EasyNoteTests */ = {
			isa = PBXGroup;
			children = (
				FE309E471C06032400B5FE0D /* EasyNoteTests.m */,
				FE309E491C06032400B5FE0D /* Info.plist */,
			);
			path = EasyNoteTests;
			sourceTree = "<group>";
		};
		FE309E511C06032400B5FE0D /* EasyNoteUITests */ = {
			isa = PBXGroup;
			children = (
				FE309E521C06032400B5FE0D /* EasyNoteUITests.m */,
				FE309E541C06032400B5FE0D /* Info.plist */,
			);
			path = EasyNoteUITests;
			sourceTree = "<group>";
		};
/* End PBXGroup section */

/* Begin PBXNativeTarget section */
		FE309E291C06032400B5FE0D /* EasyNote */ = {
			isa = PBXNativeTarget;
			buildConfigurationList = FE309E571C06032400B5FE0D /* Build configuration list for PBXNativeTarget "EasyNote" */;
			buildPhases = (
				FE309E261C06032400B5FE0D /* Sources */,
				FE309E271C06032400B5FE0D /* Frameworks */,
				FE309E281C06032400B5FE0D /* Resources */,
			);
			buildRules = (
			);
			dependencies = (
			);
			name = EasyNote;
			productName = EasyNote;
			productReference = FE309E2A1C06032400B5FE0D /* EasyNote.app */;
			productType = "com.apple.product-type.application";
		};
		FE309E421C06032400B5FE0D /* EasyNoteTests */ = {
			isa = PBXNativeTarget;
			buildConfigurationList = FE309E5A1C06032400B5FE0D /* Build configuration list for PBXNativeTarget "EasyNoteTests" */;
			buildPhases = (
				FE309E3F1C06032400B5FE0D /* Sources */,
				FE309E401C06032400B5FE0D /* Frameworks */,
				FE309E411C06032400B5FE0D /* Resources */,
			);
			buildRules = (
			);
			dependencies = (
				FE309E451C06032400B5FE0D /* PBXTargetDependency */,
			);
			name = EasyNoteTests;
			productName = EasyNoteTests;
			productReference = FE309E431C06032400B5FE0D /* EasyNoteTests.xctest */;
			productType = "com.apple.product-type.bundle.unit-test";
		};
		FE309E4D1C06032400B5FE0D /* EasyNoteUITests */ = {
			isa = PBXNativeTarget;
			buildConfigurationList = FE309E5D1C06032400B5FE0D /* Build configuration list for PBXNativeTarget "EasyNoteUITests" */;
			buildPhases = (
				FE309E4A1C06032400B5FE0D /* Sources */,
				FE309E4B1C06032400B5FE0D /* Frameworks */,
				FE309E4C1C06032400B5FE0D /* Resources */,
			);
			buildRules = (
			);
			dependencies = (
				FE309E501C06032400B5FE0D /* PBXTargetDependency */,
			);
			name = EasyNoteUITests;
			productName = EasyNoteUITests;
			productReference = FE309E4E1C06032400B5FE0D /* EasyNoteUITests.xctest */;
			productType = "com.apple.product-type.bundle.ui-testing";
		};
/* End PBXNativeTarget section */

/* Begin PBXProject section */
		FE309E221C06032400B5FE0D /* Project object */ = {
			isa = PBXProject;
			attributes = {
				LastUpgradeCheck = 0710;
				ORGANIZATIONNAME = tengfei;
				TargetAttributes = {
					FE309E291C06032400B5FE0D = {
						CreatedOnToolsVersion = 7.1;
					};
					FE309E421C06032400B5FE0D = {
						CreatedOnToolsVersion = 7.1;
						TestTargetID = FE309E291C06032400B5FE0D;
					};
					FE309E4D1C06032400B5FE0D = {
						CreatedOnToolsVersion = 7.1;
						TestTargetID = FE309E291C06032400B5FE0D;
					};
				};
			};
			buildConfigurationList = FE309E251C06032400B5FE0D /* Build configuration list for PBXProject "EasyNote" */;
			compatibilityVersion = "Xcode 3.2";
			developmentRegion = English;
			hasScannedForEncodings = 0;
			knownRegions = (
				en,
				Base,
			);
			mainGroup = FE309E211C06032400B5FE0D;
			productRefGroup = FE309E2B1C06032400B5FE0D /* Products */;
			projectDirPath = "";
			projectRoot = "";
			targets = (
				FE309E291C06032400B5FE0D /* EasyNote */,
				FE309E421C06032400B5FE0D /* EasyNoteTests */,
				FE309E4D1C06032400B5FE0D /* EasyNoteUITests */,
			);
		};
/* End PBXProject section */

/* Begin PBXResourcesBuildPhase section */
		FE309E281C06032400B5FE0D /* Resources */ = {
			isa = PBXResourcesBuildPhase;
			buildActionMask = 2147483647;
			files = (
				FE309E3D1C06032400B5FE0D /* LaunchScreen.storyboard in Resources */,
				FE309E3A1C06032400B5FE0D /* Assets.xcassets in Resources */,
				FE309E381C06032400B5FE0D /* Main.storyboard in Resources */,
			);
			runOnlyForDeploymentPostprocessing = 0;
		};
		FE309E411C06032400B5FE0D /* Resources */ = {
			isa = PBXResourcesBuildPhase;
			buildActionMask = 2147483647;
			files = (
			);
			runOnlyForDeploymentPostprocessing = 0;
		};
		FE309E4C1C06032400B5FE0D /* Resources */ = {
			isa = PBXResourcesBuildPhase;
			buildActionMask = 2147483647;
			files = (
			);
			runOnlyForDeploymentPostprocessing = 0;
		};
/* End PBXResourcesBuildPhase section */

/* Begin PBXSourcesBuildPhase section */
		FE309E261C06032400B5FE0D /* Sources */ = {
			isa = PBXSourcesBuildPhase;
			buildActionMask = 2147483647;
			files = (
				FE309E351C06032400B5FE0D /* ViewController.m in Sources */,
				FE309E321C06032400B5FE0D /* AppDelegate.m in Sources */,
				FE309E2F1C06032400B5FE0D /* main.m in Sources */,
			);
			runOnlyForDeploymentPostprocessing = 0;
		};
		FE309E3F1C06032400B5FE0D /* Sources */ = {
			isa = PBXSourcesBuildPhase;
			buildActionMask = 2147483647;
			files = (
				FE309E481C06032400B5FE0D /* EasyNoteTests.m in Sources */,
			);
			runOnlyForDeploymentPostprocessing = 0;
		};
		FE309E4A1C06032400B5FE0D /* Sources */ = {
			isa = PBXSourcesBuildPhase;
			buildActionMask = 2147483647;
			files = (
				FE309E531C06032400B5FE0D /* EasyNoteUITests.m in Sources */,
			);
			runOnlyForDeploymentPostprocessing = 0;
		};
/* End PBXSourcesBuildPhase section */

/* Begin PBXTargetDependency section */
		FE309E451C06032400B5FE0D /* PBXTargetDependency */ = {
			isa = PBXTargetDependency;
			target = FE309E291C06032400B5FE0D /* EasyNote */;
			targetProxy = FE309E441C06032400B5FE0D /* PBXContainerItemProxy */;
		};
		FE309E501C06032400B5FE0D /* PBXTargetDependency */ = {
			isa = PBXTargetDependency;
			target = FE309E291C06032400B5FE0D /* EasyNote */;
			targetProxy = FE309E4F1C06032400B5FE0D /* PBXContainerItemProxy */;
		};
/* End PBXTargetDependency section */

/* Begin PBXVariantGroup section */
		FE309E361C06032400B5FE0D /* Main.storyboard */ = {
			isa = PBXVariantGroup;
			children = (
				FE309E371C06032400B5FE0D /* Base */,
			);
			name = Main.storyboard;
			sourceTree = "<group>";
		};
		FE309E3B1C06032400B5FE0D /* LaunchScreen.storyboard */ = {
			isa = PBXVariantGroup;
			children = (
				FE309E3C1C06032400B5FE0D /* Base */,
			);
			name = LaunchScreen.storyboard;
			sourceTree = "<group>";
		};
/* End PBXVariantGroup section */

/* Begin XCBuildConfiguration section */
		FE309E551C06032400B5FE0D /* Debug */ = {
			isa = XCBuildConfiguration;
			buildSettings = {
				ALWAYS_SEARCH_USER_PATHS = NO;
				CLANG_CXX_LANGUAGE_STANDARD = "gnu++0x";
				CLANG_CXX_LIBRARY = "libc++";
				CLANG_ENABLE_MODULES = YES;
				CLANG_ENABLE_OBJC_ARC = YES;
				CLANG_WARN_BOOL_CONVERSION = YES;
				CLANG_WARN_CONSTANT_CONVERSION = YES;
				CLANG_WARN_DIRECT_OBJC_ISA_USAGE = YES_ERROR;
				CLANG_WARN_EMPTY_BODY = YES;
				CLANG_WARN_ENUM_CONVERSION = YES;
				CLANG_WARN_INT_CONVERSION = YES;
				CLANG_WARN_OBJC_ROOT_CLASS = YES_ERROR;
				CLANG_WARN_UNREACHABLE_CODE = YES;
				CLANG_WARN__DUPLICATE_METHOD_MATCH = YES;
				"CODE_SIGN_IDENTITY[sdk=iphoneos*]" = "iPhone Developer";
				COPY_PHASE_STRIP = NO;
				DEBUG_INFORMATION_FORMAT = dwarf;
				ENABLE_STRICT_OBJC_MSGSEND = YES;
				ENABLE_TESTABILITY = YES;
				GCC_C_LANGUAGE_STANDARD = gnu99;
				GCC_DYNAMIC_NO_PIC = NO;
				GCC_NO_COMMON_BLOCKS = YES;
				GCC_OPTIMIZATION_LEVEL = 0;
				GCC_PREPROCESSOR_DEFINITIONS = (
					"DEBUG=1",
					"$(inherited)",
				);
				GCC_WARN_64_TO_32_BIT_CONVERSION = YES;
				GCC_WARN_ABOUT_RETURN_TYPE = YES_ERROR;
				GCC_WARN_UNDECLARED_SELECTOR = YES;
				GCC_WARN_UNINITIALIZED_AUTOS = YES_AGGRESSIVE;
				GCC_WARN_UNUSED_FUNCTION = YES;
				GCC_WARN_UNUSED_VARIABLE = YES;
				IPHONEOS_DEPLOYMENT_TARGET = 9.1;
				MTL_ENABLE_DEBUG_INFO = YES;
				ONLY_ACTIVE_ARCH = YES;
				SDKROOT = iphoneos;
				TARGETED_DEVICE_FAMILY = "1,2";
			};
			name = Debug;
		};
		FE309E561C06032400B5FE0D /* Release */ = {
			isa = XCBuildConfiguration;
			buildSettings = {
				ALWAYS_SEARCH_USER_PATHS = NO;
				CLANG_CXX_LANGUAGE_STANDARD = "gnu++0x";
				CLANG_CXX_LIBRARY = "libc++";
				CLANG_ENABLE_MODULES = YES;
				CLANG_ENABLE_OBJC_ARC = YES;
				CLANG_WARN_BOOL_CONVERSION = YES;
				CLANG_WARN_CONSTANT_CONVERSION = YES;
				CLANG_WARN_DIRECT_OBJC_ISA_USAGE = YES_ERROR;
				CLANG_WARN_EMPTY_BODY = YES;
				CLANG_WARN_ENUM_CONVERSION = YES;
				CLANG_WARN_INT_CONVERSION = YES;
				CLANG_WARN_OBJC_ROOT_CLASS = YES_ERROR;
				CLANG_WARN_UNREACHABLE_CODE = YES;
				CLANG_WARN__DUPLICATE_METHOD_MATCH = YES;
				"CODE_SIGN_IDENTITY[sdk=iphoneos*]" = "iPhone Developer";
				COPY_PHASE_STRIP = NO;
				DEBUG_INFORMATION_FORMAT = "dwarf-with-dsym";
				ENABLE_NS_ASSERTIONS = NO;
				ENABLE_STRICT_OBJC_MSGSEND = YES;
				GCC_C_LANGUAGE_STANDARD = gnu99;
				GCC_NO_COMMON_BLOCKS = YES;
				GCC_WARN_64_TO_32_BIT_CONVERSION = YES;
				GCC_WARN_ABOUT_RETURN_TYPE = YES_ERROR;
				GCC_WARN_UNDECLARED_SELECTOR = YES;
				GCC_WARN_UNINITIALIZED_AUTOS = YES_AGGRESSIVE;
				GCC_WARN_UNUSED_FUNCTION = YES;
				GCC_WARN_UNUSED_VARIABLE = YES;
				IPHONEOS_DEPLOYMENT_TARGET = 9.1;
				MTL_ENABLE_DEBUG_INFO = NO;
				SDKROOT = iphoneos;
				TARGETED_DEVICE_FAMILY = "1,2";
				VALIDATE_PRODUCT = YES;
			};
			name = Release;
		};
		FE309E581C06032400B5FE0D /* Debug */ = {
			isa = XCBuildConfiguration;
			buildSettings = {
				ASSETCATALOG_COMPILER_APPICON_NAME = AppIcon;
				INFOPLIST_FILE = EasyNote/Info.plist;
				LD_RUNPATH_SEARCH_PATHS = "$(inherited) @executable_path/Frameworks";
				PRODUCT_BUNDLE_IDENTIFIER = com.ftf.EasyNote.EasyNote;
				PRODUCT_NAME = "$(TARGET_NAME)";
			};
			name = Debug;
		};
		FE309E591C06032400B5FE0D /* Release */ = {
			isa = XCBuildConfiguration;
			buildSettings = {
				ASSETCATALOG_COMPILER_APPICON_NAME = AppIcon;
				INFOPLIST_FILE = EasyNote/Info.plist;
				LD_RUNPATH_SEARCH_PATHS = "$(inherited) @executable_path/Frameworks";
				PRODUCT_BUNDLE_IDENTIFIER = com.ftf.EasyNote.EasyNote;
				PRODUCT_NAME = "$(TARGET_NAME)";
			};
			name = Release;
		};
		FE309E5B1C06032400B5FE0D /* Debug */ = {
			isa = XCBuildConfiguration;
			buildSettings = {
				BUNDLE_LOADER = "$(TEST_HOST)";
				INFOPLIST_FILE = EasyNoteTests/Info.plist;
				LD_RUNPATH_SEARCH_PATHS = "$(inherited) @executable_path/Frameworks @loader_path/Frameworks";
				PRODUCT_BUNDLE_IDENTIFIER = com.ftf.EasyNote.EasyNoteTests;
				PRODUCT_NAME = "$(TARGET_NAME)";
				TEST_HOST = "$(BUILT_PRODUCTS_DIR)/EasyNote.app/EasyNote";
			};
			name = Debug;
		};
		FE309E5C1C06032400B5FE0D /* Release */ = {
			isa = XCBuildConfiguration;
			buildSettings = {
				BUNDLE_LOADER = "$(TEST_HOST)";
				INFOPLIST_FILE = EasyNoteTests/Info.plist;
				LD_RUNPATH_SEARCH_PATHS = "$(inherited) @executable_path/Frameworks @loader_path/Frameworks";
				PRODUCT_BUNDLE_IDENTIFIER = com.ftf.EasyNote.EasyNoteTests;
				PRODUCT_NAME = "$(TARGET_NAME)";
				TEST_HOST = "$(BUILT_PRODUCTS_DIR)/EasyNote.app/EasyNote";
			};
			name = Release;
		};
		FE309E5E1C06032400B5FE0D /* Debug */ = {
			isa = XCBuildConfiguration;
			buildSettings = {
				INFOPLIST_FILE = EasyNoteUITests/Info.plist;
				LD_RUNPATH_SEARCH_PATHS = "$(inherited) @executable_path/Frameworks @loader_path/Frameworks";
				PRODUCT_BUNDLE_IDENTIFIER = com.ftf.EasyNote.EasyNoteUITests;
				PRODUCT_NAME = "$(TARGET_NAME)";
				TEST_TARGET_NAME = EasyNote;
				USES_XCTRUNNER = YES;
			};
			name = Debug;
		};
		FE309E5F1C06032400B5FE0D /* Release */ = {
			isa = XCBuildConfiguration;
			buildSettings = {
				INFOPLIST_FILE = EasyNoteUITests/Info.plist;
				LD_RUNPATH_SEARCH_PATHS = "$(inherited) @executable_path/Frameworks @loader_path/Frameworks";
				PRODUCT_BUNDLE_IDENTIFIER = com.ftf.EasyNote.EasyNoteUITests;
				PRODUCT_NAME = "$(TARGET_NAME)";
				TEST_TARGET_NAME = EasyNote;
				USES_XCTRUNNER = YES;
			};
			name = Release;
		};
/* End XCBuildConfiguration section */

/* Begin XCConfigurationList section */
		FE309E251C06032400B5FE0D /* Build configuration list for PBXProject "EasyNote" */ = {
			isa = XCConfigurationList;
			buildConfigurations = (
				FE309E551C06032400B5FE0D /* Debug */,
				FE309E561C06032400B5FE0D /* Release */,
			);
			defaultConfigurationIsVisible = 0;
			defaultConfigurationName = Release;
		};
		FE309E571C06032400B5FE0D /* Build configuration list for PBXNativeTarget "EasyNote" */ = {
			isa = XCConfigurationList;
			buildConfigurations = (
				FE309E581C06032400B5FE0D /* Debug */,
				FE309E591C06032400B5FE0D /* Release */,
			);
			defaultConfigurationIsVisible = 0;
		};
		FE309E5A1C06032400B5FE0D /* Build configuration list for PBXNativeTarget "EasyNoteTests" */ = {
			isa = XCConfigurationList;
			buildConfigurations = (
				FE309E5B1C06032400B5FE0D /* Debug */,
				FE309E5C1C06032400B5FE0D /* Release */,
			);
			defaultConfigurationIsVisible = 0;
		};
		FE309E5D1C06032400B5FE0D /* Build configuration list for PBXNativeTarget "EasyNoteUITests" */ = {
			isa = XCConfigurationList;
			buildConfigurations = (
				FE309E5E1C06032400B5FE0D /* Debug */,
				FE309E5F1C06032400B5FE0D /* Release */,
			);
			defaultConfigurationIsVisible = 0;
		};
/* End XCConfigurationList section */
	};
	rootObject = FE309E221C06032400B5FE0D /* Project object */;
}
